// !$*UTF8*$!
{
	archiveVersion = 1;
	classes = {
	};
	objectVersion = 46;
	objects = {

/* Begin PBXBuildFile section */
		836995891F0047D5008A3174 /* AppDelegate.swift in Sources */ = {isa = PBXBuildFile; fileRef = 836995881F0047D5008A3174 /* AppDelegate.swift */; };
		8369958E1F0047D5008A3174 /* Main.storyboard in Resources */ = {isa = PBXBuildFile; fileRef = 8369958C1F0047D5008A3174 /* Main.storyboard */; };
		836995901F0047D5008A3174 /* Assets.xcassets in Resources */ = {isa = PBXBuildFile; fileRef = 8369958F1F0047D5008A3174 /* Assets.xcassets */; };
		836995931F0047D5008A3174 /* LaunchScreen.storyboard in Resources */ = {isa = PBXBuildFile; fileRef = 836995911F0047D5008A3174 /* LaunchScreen.storyboard */; };
		8369959E1F0047D5008A3174 /* clueTests.swift in Sources */ = {isa = PBXBuildFile; fileRef = 8369959D1F0047D5008A3174 /* clueTests.swift */; };
		836995A91F0047D5008A3174 /* clueUITests.swift in Sources */ = {isa = PBXBuildFile; fileRef = 836995A81F0047D5008A3174 /* clueUITests.swift */; };
		836995B91F004A98008A3174 /* CycleViewController.swift in Sources */ = {isa = PBXBuildFile; fileRef = 836995B81F004A98008A3174 /* CycleViewController.swift */; };
		836995BD1F004C78008A3174 /* Cycle.swift in Sources */ = {isa = PBXBuildFile; fileRef = 836995BC1F004C78008A3174 /* Cycle.swift */; };
		836995BF1F004C87008A3174 /* CycleEvent.swift in Sources */ = {isa = PBXBuildFile; fileRef = 836995BE1F004C87008A3174 /* CycleEvent.swift */; };
		836995C11F004CDC008A3174 /* CycleView.swift in Sources */ = {isa = PBXBuildFile; fileRef = 836995C01F004CDC008A3174 /* CycleView.swift */; };
		836995C31F004CF1008A3174 /* CycleEventView.swift in Sources */ = {isa = PBXBuildFile; fileRef = 836995C21F004CF1008A3174 /* CycleEventView.swift */; };
		839BF51F1F07E7D000919ED9 /* EventRegisterButton.swift in Sources */ = {isa = PBXBuildFile; fileRef = 839BF51E1F07E7D000919ED9 /* EventRegisterButton.swift */; };
		83C816A91F05984A00F9530A /* CircularView.swift in Sources */ = {isa = PBXBuildFile; fileRef = 83C816A81F05984A00F9530A /* CircularView.swift */; };
/* End PBXBuildFile section */

/* Begin PBXContainerItemProxy section */
		8369959A1F0047D5008A3174 /* PBXContainerItemProxy */ = {
			isa = PBXContainerItemProxy;
			containerPortal = 8369957D1F0047D5008A3174 /* Project object */;
			proxyType = 1;
			remoteGlobalIDString = 836995841F0047D5008A3174;
			remoteInfo = clue;
		};
		836995A51F0047D5008A3174 /* PBXContainerItemProxy */ = {
			isa = PBXContainerItemProxy;
			containerPortal = 8369957D1F0047D5008A3174 /* Project object */;
			proxyType = 1;
			remoteGlobalIDString = 836995841F0047D5008A3174;
			remoteInfo = clue;
		};
/* End PBXContainerItemProxy section */

/* Begin PBXFileReference section */
		836995851F0047D5008A3174 /* clue.app */ = {isa = PBXFileReference; explicitFileType = wrapper.application; includeInIndex = 0; path = clue.app; sourceTree = BUILT_PRODUCTS_DIR; };
		836995881F0047D5008A3174 /* AppDelegate.swift */ = {isa = PBXFileReference; lastKnownFileType = sourcecode.swift; path = AppDelegate.swift; sourceTree = "<group>"; };
		8369958D1F0047D5008A3174 /* Base */ = {isa = PBXFileReference; lastKnownFileType = file.storyboard; name = Base; path = Base.lproj/Main.storyboard; sourceTree = "<group>"; };
		8369958F1F0047D5008A3174 /* Assets.xcassets */ = {isa = PBXFileReference; lastKnownFileType = folder.assetcatalog; path = Assets.xcassets; sourceTree = "<group>"; };
		836995921F0047D5008A3174 /* Base */ = {isa = PBXFileReference; lastKnownFileType = file.storyboard; name = Base; path = Base.lproj/LaunchScreen.storyboard; sourceTree = "<group>"; };
		836995941F0047D5008A3174 /* Info.plist */ = {isa = PBXFileReference; lastKnownFileType = text.plist.xml; path = Info.plist; sourceTree = "<group>"; };
		836995991F0047D5008A3174 /* clueTests.xctest */ = {isa = PBXFileReference; explicitFileType = wrapper.cfbundle; includeInIndex = 0; path = clueTests.xctest; sourceTree = BUILT_PRODUCTS_DIR; };
		8369959D1F0047D5008A3174 /* clueTests.swift */ = {isa = PBXFileReference; lastKnownFileType = sourcecode.swift; path = clueTests.swift; sourceTree = "<group>"; };
		8369959F1F0047D5008A3174 /* Info.plist */ = {isa = PBXFileReference; lastKnownFileType = text.plist.xml; path = Info.plist; sourceTree = "<group>"; };
		836995A41F0047D5008A3174 /* clueUITests.xctest */ = {isa = PBXFileReference; explicitFileType = wrapper.cfbundle; includeInIndex = 0; path = clueUITests.xctest; sourceTree = BUILT_PRODUCTS_DIR; };
		836995A81F0047D5008A3174 /* clueUITests.swift */ = {isa = PBXFileReference; lastKnownFileType = sourcecode.swift; path = clueUITests.swift; sourceTree = "<group>"; };
		836995AA1F0047D5008A3174 /* Info.plist */ = {isa = PBXFileReference; lastKnownFileType = text.plist.xml; path = Info.plist; sourceTree = "<group>"; };
		836995B81F004A98008A3174 /* CycleViewController.swift */ = {isa = PBXFileReference; fileEncoding = 4; lastKnownFileType = sourcecode.swift; path = CycleViewController.swift; sourceTree = "<group>"; };
		836995BC1F004C78008A3174 /* Cycle.swift */ = {isa = PBXFileReference; fileEncoding = 4; lastKnownFileType = sourcecode.swift; path = Cycle.swift; sourceTree = "<group>"; };
		836995BE1F004C87008A3174 /* CycleEvent.swift */ = {isa = PBXFileReference; fileEncoding = 4; lastKnownFileType = sourcecode.swift; path = CycleEvent.swift; sourceTree = "<group>"; };
		836995C01F004CDC008A3174 /* CycleView.swift */ = {isa = PBXFileReference; fileEncoding = 4; lastKnownFileType = sourcecode.swift; path = CycleView.swift; sourceTree = "<group>"; };
		836995C21F004CF1008A3174 /* CycleEventView.swift */ = {isa = PBXFileReference; fileEncoding = 4; lastKnownFileType = sourcecode.swift; path = CycleEventView.swift; sourceTree = "<group>"; };
		839BF51E1F07E7D000919ED9 /* EventRegisterButton.swift */ = {isa = PBXFileReference; fileEncoding = 4; lastKnownFileType = sourcecode.swift; path = EventRegisterButton.swift; sourceTree = "<group>"; };
		83C816A81F05984A00F9530A /* CircularView.swift */ = {isa = PBXFileReference; fileEncoding = 4; lastKnownFileType = sourcecode.swift; path = CircularView.swift; sourceTree = "<group>"; };
/* End PBXFileReference section */

/* Begin PBXFrameworksBuildPhase section */
		836995821F0047D5008A3174 /* Frameworks */ = {
			isa = PBXFrameworksBuildPhase;
			buildActionMask = 2147483647;
			files = (
			);
			runOnlyForDeploymentPostprocessing = 0;
		};
		836995961F0047D5008A3174 /* Frameworks */ = {
			isa = PBXFrameworksBuildPhase;
			buildActionMask = 2147483647;
			files = (
			);
			runOnlyForDeploymentPostprocessing = 0;
		};
		836995A11F0047D5008A3174 /* Frameworks */ = {
			isa = PBXFrameworksBuildPhase;
			buildActionMask = 2147483647;
			files = (
			);
			runOnlyForDeploymentPostprocessing = 0;
		};
/* End PBXFrameworksBuildPhase section */

/* Begin PBXGroup section */
		8369957C1F0047D5008A3174 = {
			isa = PBXGroup;
			children = (
				839BF51E1F07E7D000919ED9 /* EventRegisterButton.swift */,
				83C816A81F05984A00F9530A /* CircularView.swift */,
				836995BC1F004C78008A3174 /* Cycle.swift */,
				836995C01F004CDC008A3174 /* CycleView.swift */,
				836995C21F004CF1008A3174 /* CycleEventView.swift */,
				836995BE1F004C87008A3174 /* CycleEvent.swift */,
				836995871F0047D5008A3174 /* clue */,
				8369959C1F0047D5008A3174 /* clueTests */,
				836995A71F0047D5008A3174 /* clueUITests */,
				836995861F0047D5008A3174 /* Products */,
			);
			sourceTree = "<group>";
		};
		836995861F0047D5008A3174 /* Products */ = {
			isa = PBXGroup;
			children = (
				836995851F0047D5008A3174 /* clue.app */,
				836995991F0047D5008A3174 /* clueTests.xctest */,
				836995A41F0047D5008A3174 /* clueUITests.xctest */,
			);
			name = Products;
			sourceTree = "<group>";
		};
		836995871F0047D5008A3174 /* clue */ = {
			isa = PBXGroup;
			children = (
				836995881F0047D5008A3174 /* AppDelegate.swift */,
				836995B81F004A98008A3174 /* CycleViewController.swift */,
				8369958C1F0047D5008A3174 /* Main.storyboard */,
				8369958F1F0047D5008A3174 /* Assets.xcassets */,
				836995911F0047D5008A3174 /* LaunchScreen.storyboard */,
				836995941F0047D5008A3174 /* Info.plist */,
			);
			path = clue;
			sourceTree = "<group>";
		};
		8369959C1F0047D5008A3174 /* clueTests */ = {
			isa = PBXGroup;
			children = (
				8369959D1F0047D5008A3174 /* clueTests.swift */,
				8369959F1F0047D5008A3174 /* Info.plist */,
			);
			path = clueTests;
			sourceTree = "<group>";
		};
		836995A71F0047D5008A3174 /* clueUITests */ = {
			isa = PBXGroup;
			children = (
				836995A81F0047D5008A3174 /* clueUITests.swift */,
				836995AA1F0047D5008A3174 /* Info.plist */,
			);
			path = clueUITests;
			sourceTree = "<group>";
		};
/* End PBXGroup section */

/* Begin PBXNativeTarget section */
		836995841F0047D5008A3174 /* clue */ = {
			isa = PBXNativeTarget;
			buildConfigurationList = 836995AD1F0047D5008A3174 /* Build configuration list for PBXNativeTarget "clue" */;
			buildPhases = (
				836995811F0047D5008A3174 /* Sources */,
				836995821F0047D5008A3174 /* Frameworks */,
				836995831F0047D5008A3174 /* Resources */,
			);
			buildRules = (
			);
			dependencies = (
			);
			name = clue;
			productName = clue;
			productReference = 836995851F0047D5008A3174 /* clue.app */;
			productType = "com.apple.product-type.application";
		};
		836995981F0047D5008A3174 /* clueTests */ = {
			isa = PBXNativeTarget;
			buildConfigurationList = 836995B01F0047D5008A3174 /* Build configuration list for PBXNativeTarget "clueTests" */;
			buildPhases = (
				836995951F0047D5008A3174 /* Sources */,
				836995961F0047D5008A3174 /* Frameworks */,
				836995971F0047D5008A3174 /* Resources */,
			);
			buildRules = (
			);
			dependencies = (
				8369959B1F0047D5008A3174 /* PBXTargetDependency */,
			);
			name = clueTests;
			productName = clueTests;
			productReference = 836995991F0047D5008A3174 /* clueTests.xctest */;
			productType = "com.apple.product-type.bundle.unit-test";
		};
		836995A31F0047D5008A3174 /* clueUITests */ = {
			isa = PBXNativeTarget;
			buildConfigurationList = 836995B31F0047D5008A3174 /* Build configuration list for PBXNativeTarget "clueUITests" */;
			buildPhases = (
				836995A01F0047D5008A3174 /* Sources */,
				836995A11F0047D5008A3174 /* Frameworks */,
				836995A21F0047D5008A3174 /* Resources */,
			);
			buildRules = (
			);
			dependencies = (
				836995A61F0047D5008A3174 /* PBXTargetDependency */,
			);
			name = clueUITests;
			productName = clueUITests;
			productReference = 836995A41F0047D5008A3174 /* clueUITests.xctest */;
			productType = "com.apple.product-type.bundle.ui-testing";
		};
/* End PBXNativeTarget section */

/* Begin PBXProject section */
		8369957D1F0047D5008A3174 /* Project object */ = {
			isa = PBXProject;
			attributes = {
				LastSwiftUpdateCheck = 0830;
				LastUpgradeCheck = 0830;
				ORGANIZATIONNAME = "Matthew Lewis";
				TargetAttributes = {
					836995841F0047D5008A3174 = {
						CreatedOnToolsVersion = 8.3.3;
						DevelopmentTeam = 6L9VVS53KX;
						ProvisioningStyle = Automatic;
					};
					836995981F0047D5008A3174 = {
						CreatedOnToolsVersion = 8.3.3;
						DevelopmentTeam = 6L9VVS53KX;
						ProvisioningStyle = Automatic;
						TestTargetID = 836995841F0047D5008A3174;
					};
					836995A31F0047D5008A3174 = {
						CreatedOnToolsVersion = 8.3.3;
						DevelopmentTeam = 6L9VVS53KX;
						ProvisioningStyle = Automatic;
						TestTargetID = 836995841F0047D5008A3174;
					};
				};
			};
			buildConfigurationList = 836995801F0047D5008A3174 /* Build configuration list for PBXProject "clue" */;
			compatibilityVersion = "Xcode 3.2";
			developmentRegion = English;
			hasScannedForEncodings = 0;
			knownRegions = (
				en,
				Base,
			);
			mainGroup = 8369957C1F0047D5008A3174;
			productRefGroup = 836995861F0047D5008A3174 /* Products */;
			projectDirPath = "";
			projectRoot = "";
			targets = (
				836995841F0047D5008A3174 /* clue */,
				836995981F0047D5008A3174 /* clueTests */,
				836995A31F0047D5008A3174 /* clueUITests */,
			);
		};
/* End PBXProject section */

/* Begin PBXResourcesBuildPhase section */
		836995831F0047D5008A3174 /* Resources */ = {
			isa = PBXResourcesBuildPhase;
			buildActionMask = 2147483647;
			files = (
				836995931F0047D5008A3174 /* LaunchScreen.storyboard in Resources */,
				836995901F0047D5008A3174 /* Assets.xcassets in Resources */,
				8369958E1F0047D5008A3174 /* Main.storyboard in Resources */,
			);
			runOnlyForDeploymentPostprocessing = 0;
		};
		836995971F0047D5008A3174 /* Resources */ = {
			isa = PBXResourcesBuildPhase;
			buildActionMask = 2147483647;
			files = (
			);
			runOnlyForDeploymentPostprocessing = 0;
		};
		836995A21F0047D5008A3174 /* Resources */ = {
			isa = PBXResourcesBuildPhase;
			buildActionMask = 2147483647;
			files = (
			);
			runOnlyForDeploymentPostprocessing = 0;
		};
/* End PBXResourcesBuildPhase section */

/* Begin PBXSourcesBuildPhase section */
		836995811F0047D5008A3174 /* Sources */ = {
			isa = PBXSourcesBuildPhase;
			buildActionMask = 2147483647;
			files = (
				836995BF1F004C87008A3174 /* CycleEvent.swift in Sources */,
				83C816A91F05984A00F9530A /* CircularView.swift in Sources */,
				836995BD1F004C78008A3174 /* Cycle.swift in Sources */,
				836995891F0047D5008A3174 /* AppDelegate.swift in Sources */,
				836995C31F004CF1008A3174 /* CycleEventView.swift in Sources */,
				836995C11F004CDC008A3174 /* CycleView.swift in Sources */,
				836995B91F004A98008A3174 /* CycleViewController.swift in Sources */,
				839BF51F1F07E7D000919ED9 /* EventRegisterButton.swift in Sources */,
			);
			runOnlyForDeploymentPostprocessing = 0;
		};
		836995951F0047D5008A3174 /* Sources */ = {
			isa = PBXSourcesBuildPhase;
			buildActionMask = 2147483647;
			files = (
				8369959E1F0047D5008A3174 /* clueTests.swift in Sources */,
			);
			runOnlyForDeploymentPostprocessing = 0;
		};
		836995A01F0047D5008A3174 /* Sources */ = {
			isa = PBXSourcesBuildPhase;
			buildActionMask = 2147483647;
			files = (
				836995A91F0047D5008A3174 /* clueUITests.swift in Sources */,
			);
			runOnlyForDeploymentPostprocessing = 0;
		};
/* End PBXSourcesBuildPhase section */

/* Begin PBXTargetDependency section */
		8369959B1F0047D5008A3174 /* PBXTargetDependency */ = {
			isa = PBXTargetDependency;
			target = 836995841F0047D5008A3174 /* clue */;
			targetProxy = 8369959A1F0047D5008A3174 /* PBXContainerItemProxy */;
		};
		836995A61F0047D5008A3174 /* PBXTargetDependency */ = {
			isa = PBXTargetDependency;
			target = 836995841F0047D5008A3174 /* clue */;
			targetProxy = 836995A51F0047D5008A3174 /* PBXContainerItemProxy */;
		};
/* End PBXTargetDependency section */

/* Begin PBXVariantGroup section */
		8369958C1F0047D5008A3174 /* Main.storyboard */ = {
			isa = PBXVariantGroup;
			children = (
				8369958D1F0047D5008A3174 /* Base */,
			);
			name = Main.storyboard;
			sourceTree = "<group>";
		};
		836995911F0047D5008A3174 /* LaunchScreen.storyboard */ = {
			isa = PBXVariantGroup;
			children = (
				836995921F0047D5008A3174 /* Base */,
			);
			name = LaunchScreen.storyboard;
			sourceTree = "<group>";
		};
/* End PBXVariantGroup section */

/* Begin XCBuildConfiguration section */
		836995AB1F0047D5008A3174 /* Debug */ = {
			isa = XCBuildConfiguration;
			buildSettings = {
				ALWAYS_SEARCH_USER_PATHS = NO;
				CLANG_ANALYZER_NONNULL = YES;
				CLANG_ANALYZER_NUMBER_OBJECT_CONVERSION = YES_AGGRESSIVE;
				CLANG_CXX_LANGUAGE_STANDARD = "gnu++0x";
				CLANG_CXX_LIBRARY = "libc++";
				CLANG_ENABLE_MODULES = YES;
				CLANG_ENABLE_OBJC_ARC = YES;
				CLANG_WARN_BOOL_CONVERSION = YES;
				CLANG_WARN_CONSTANT_CONVERSION = YES;
				CLANG_WARN_DIRECT_OBJC_ISA_USAGE = YES_ERROR;
				CLANG_WARN_DOCUMENTATION_COMMENTS = YES;
				CLANG_WARN_EMPTY_BODY = YES;
				CLANG_WARN_ENUM_CONVERSION = YES;
				CLANG_WARN_INFINITE_RECURSION = YES;
				CLANG_WARN_INT_CONVERSION = YES;
				CLANG_WARN_OBJC_ROOT_CLASS = YES_ERROR;
				CLANG_WARN_SUSPICIOUS_MOVE = YES;
				CLANG_WARN_UNREACHABLE_CODE = YES;
				CLANG_WARN__DUPLICATE_METHOD_MATCH = YES;
				"CODE_SIGN_IDENTITY[sdk=iphoneos*]" = "iPhone Developer";
				COPY_PHASE_STRIP = NO;
				DEBUG_INFORMATION_FORMAT = dwarf;
				ENABLE_STRICT_OBJC_MSGSEND = YES;
				ENABLE_TESTABILITY = YES;
				GCC_C_LANGUAGE_STANDARD = gnu99;
				GCC_DYNAMIC_NO_PIC = NO;
				GCC_NO_COMMON_BLOCKS = YES;
				GCC_OPTIMIZATION_LEVEL = 0;
				GCC_PREPROCESSOR_DEFINITIONS = (
					"DEBUG=1",
					"$(inherited)",
				);
				GCC_WARN_64_TO_32_BIT_CONVERSION = YES;
				GCC_WARN_ABOUT_RETURN_TYPE = YES_ERROR;
				GCC_WARN_UNDECLARED_SELECTOR = YES;
				GCC_WARN_UNINITIALIZED_AUTOS = YES_AGGRESSIVE;
				GCC_WARN_UNUSED_FUNCTION = YES;
				GCC_WARN_UNUSED_VARIABLE = YES;
				IPHONEOS_DEPLOYMENT_TARGET = 10.3;
				MTL_ENABLE_DEBUG_INFO = YES;
				ONLY_ACTIVE_ARCH = YES;
				SDKROOT = iphoneos;
				SWIFT_ACTIVE_COMPILATION_CONDITIONS = DEBUG;
				SWIFT_OPTIMIZATION_LEVEL = "-Onone";
			};
			name = Debug;
		};
		836995AC1F0047D5008A3174 /* Release */ = {
			isa = XCBuildConfiguration;
			buildSettings = {
				ALWAYS_SEARCH_USER_PATHS = NO;
				CLANG_ANALYZER_NONNULL = YES;
				CLANG_ANALYZER_NUMBER_OBJECT_CONVERSION = YES_AGGRESSIVE;
				CLANG_CXX_LANGUAGE_STANDARD = "gnu++0x";
				CLANG_CXX_LIBRARY = "libc++";
				CLANG_ENABLE_MODULES = YES;
				CLANG_ENABLE_OBJC_ARC = YES;
				CLANG_WARN_BOOL_CONVERSION = YES;
				CLANG_WARN_CONSTANT_CONVERSION = YES;
				CLANG_WARN_DIRECT_OBJC_ISA_USAGE = YES_ERROR;
				CLANG_WARN_DOCUMENTATION_COMMENTS = YES;
				CLANG_WARN_EMPTY_BODY = YES;
				CLANG_WARN_ENUM_CONVERSION = YES;
				CLANG_WARN_INFINITE_RECURSION = YES;
				CLANG_WARN_INT_CONVERSION = YES;
				CLANG_WARN_OBJC_ROOT_CLASS = YES_ERROR;
				CLANG_WARN_SUSPICIOUS_MOVE = YES;
				CLANG_WARN_UNREACHABLE_CODE = YES;
				CLANG_WARN__DUPLICATE_METHOD_MATCH = YES;
				"CODE_SIGN_IDENTITY[sdk=iphoneos*]" = "iPhone Developer";
				COPY_PHASE_STRIP = NO;
				DEBUG_INFORMATION_FORMAT = "dwarf-with-dsym";
				ENABLE_NS_ASSERTIONS = NO;
				ENABLE_STRICT_OBJC_MSGSEND = YES;
				GCC_C_LANGUAGE_STANDARD = gnu99;
				GCC_NO_COMMON_BLOCKS = YES;
				GCC_WARN_64_TO_32_BIT_CONVERSION = YES;
				GCC_WARN_ABOUT_RETURN_TYPE = YES_ERROR;
				GCC_WARN_UNDECLARED_SELECTOR = YES;
				GCC_WARN_UNINITIALIZED_AUTOS = YES_AGGRESSIVE;
				GCC_WARN_UNUSED_FUNCTION = YES;
				GCC_WARN_UNUSED_VARIABLE = YES;
				IPHONEOS_DEPLOYMENT_TARGET = 10.3;
				MTL_ENABLE_DEBUG_INFO = NO;
				SDKROOT = iphoneos;
				SWIFT_OPTIMIZATION_LEVEL = "-Owholemodule";
				VALIDATE_PRODUCT = YES;
			};
			name = Release;
		};
		836995AE1F0047D5008A3174 /* Debug */ = {
			isa = XCBuildConfiguration;
			buildSettings = {
				ASSETCATALOG_COMPILER_APPICON_NAME = AppIcon;
				DEVELOPMENT_TEAM = 6L9VVS53KX;
				INFOPLIST_FILE = clue/Info.plist;
				LD_RUNPATH_SEARCH_PATHS = "$(inherited) @executable_path/Frameworks";
				PRODUCT_BUNDLE_IDENTIFIER = WeRide.clue;
				PRODUCT_NAME = "$(TARGET_NAME)";
				SWIFT_VERSION = 3.0;
			};
			name = Debug;
		};
		836995AF1F0047D5008A3174 /* Release */ = {
			isa = XCBuildConfiguration;
			buildSettings = {
				ASSETCATALOG_COMPILER_APPICON_NAME = AppIcon;
				DEVELOPMENT_TEAM = 6L9VVS53KX;
				INFOPLIST_FILE = clue/Info.plist;
				LD_RUNPATH_SEARCH_PATHS = "$(inherited) @executable_path/Frameworks";
				PRODUCT_BUNDLE_IDENTIFIER = WeRide.clue;
				PRODUCT_NAME = "$(TARGET_NAME)";
				SWIFT_VERSION = 3.0;
			};
			name = Release;
		};
		836995B11F0047D5008A3174 /* Debug */ = {
			isa = XCBuildConfiguration;
			buildSettings = {
				ALWAYS_EMBED_SWIFT_STANDARD_LIBRARIES = YES;
				BUNDLE_LOADER = "$(TEST_HOST)";
				DEVELOPMENT_TEAM = 6L9VVS53KX;
				INFOPLIST_FILE = clueTests/Info.plist;
				LD_RUNPATH_SEARCH_PATHS = "$(inherited) @executable_path/Frameworks @loader_path/Frameworks";
				PRODUCT_BUNDLE_IDENTIFIER = WeRide.clueTests;
				PRODUCT_NAME = "$(TARGET_NAME)";
				SWIFT_VERSION = 3.0;
				TEST_HOST = "$(BUILT_PRODUCTS_DIR)/clue.app/clue";
			};
			name = Debug;
		};
		836995B21F0047D5008A3174 /* Release */ = {
			isa = XCBuildConfiguration;
			buildSettings = {
				ALWAYS_EMBED_SWIFT_STANDARD_LIBRARIES = YES;
				BUNDLE_LOADER = "$(TEST_HOST)";
				DEVELOPMENT_TEAM = 6L9VVS53KX;
				INFOPLIST_FILE = clueTests/Info.plist;
				LD_RUNPATH_SEARCH_PATHS = "$(inherited) @executable_path/Frameworks @loader_path/Frameworks";
				PRODUCT_BUNDLE_IDENTIFIER = WeRide.clueTests;
				PRODUCT_NAME = "$(TARGET_NAME)";
				SWIFT_VERSION = 3.0;
				TEST_HOST = "$(BUILT_PRODUCTS_DIR)/clue.app/clue";
			};
			name = Release;
		};
		836995B41F0047D5008A3174 /* Debug */ = {
			isa = XCBuildConfiguration;
			buildSettings = {
				ALWAYS_EMBED_SWIFT_STANDARD_LIBRARIES = YES;
				DEVELOPMENT_TEAM = 6L9VVS53KX;
				INFOPLIST_FILE = clueUITests/Info.plist;
				LD_RUNPATH_SEARCH_PATHS = "$(inherited) @executable_path/Frameworks @loader_path/Frameworks";
				PRODUCT_BUNDLE_IDENTIFIER = WeRide.clueUITests;
				PRODUCT_NAME = "$(TARGET_NAME)";
				SWIFT_VERSION = 3.0;
				TEST_TARGET_NAME = clue;
			};
			name = Debug;
		};
		836995B51F0047D5008A3174 /* Release */ = {
			isa = XCBuildConfiguration;
			buildSettings = {
				ALWAYS_EMBED_SWIFT_STANDARD_LIBRARIES = YES;
				DEVELOPMENT_TEAM = 6L9VVS53KX;
				INFOPLIST_FILE = clueUITests/Info.plist;
				LD_RUNPATH_SEARCH_PATHS = "$(inherited) @executable_path/Frameworks @loader_path/Frameworks";
				PRODUCT_BUNDLE_IDENTIFIER = WeRide.clueUITests;
				PRODUCT_NAME = "$(TARGET_NAME)";
				SWIFT_VERSION = 3.0;
				TEST_TARGET_NAME = clue;
			};
			name = Release;
		};
/* End XCBuildConfiguration section */

/* Begin XCConfigurationList section */
		836995801F0047D5008A3174 /* Build configuration list for PBXProject "clue" */ = {
			isa = XCConfigurationList;
			buildConfigurations = (
				836995AB1F0047D5008A3174 /* Debug */,
				836995AC1F0047D5008A3174 /* Release */,
			);
			defaultConfigurationIsVisible = 0;
			defaultConfigurationName = Release;
		};
		836995AD1F0047D5008A3174 /* Build configuration list for PBXNativeTarget "clue" */ = {
			isa = XCConfigurationList;
			buildConfigurations = (
				836995AE1F0047D5008A3174 /* Debug */,
				836995AF1F0047D5008A3174 /* Release */,
			);
			defaultConfigurationIsVisible = 0;
			defaultConfigurationName = Release;
		};
		836995B01F0047D5008A3174 /* Build configuration list for PBXNativeTarget "clueTests" */ = {
			isa = XCConfigurationList;
			buildConfigurations = (
				836995B11F0047D5008A3174 /* Debug */,
				836995B21F0047D5008A3174 /* Release */,
			);
			defaultConfigurationIsVisible = 0;
			defaultConfigurationName = Release;
		};
		836995B31F0047D5008A3174 /* Build configuration list for PBXNativeTarget "clueUITests" */ = {
			isa = XCConfigurationList;
			buildConfigurations = (
				836995B41F0047D5008A3174 /* Debug */,
				836995B51F0047D5008A3174 /* Release */,
			);
			defaultConfigurationIsVisible = 0;
			defaultConfigurationName = Release;
		};
/* End XCConfigurationList section */
	};
	rootObject = 8369957D1F0047D5008A3174 /* Project object */;
}
